
Microsoft Visual Studio Solution File, Format Version 12.00
# Visual Studio Version 17
VisualStudioVersion = 17.0.31903.59
MinimumVisualStudioVersion = 10.0.40219.1
Project("{2150E333-8FDC-42A3-9474-1A3956D46DE8}") = "src", "src", "{4EC429CE-B3E8-4509-BCEA-D94FA3B43F85}"
EndProject
Project("{FAE04EC0-301F-11D3-BF4B-00C04F79EFBC}") = "VRChatDiscordUploader", "src\VRChatDiscordUploader\VRChatDiscordUploader.csproj", "{9A6A7641-0BAB-44E2-88AA-120B8F634BD9}"
EndProject
Project("{2150E333-8FDC-42A3-9474-1A3956D46DE8}") = "tests", "tests", "{C3ECCB40-17F5-4484-A4BC-F6A13098E664}"
EndProject
Project("{FAE04EC0-301F-11D3-BF4B-00C04F79EFBC}") = "VRChatDiscordUploader.Tests", "tests\VRChatDiscordUploader.Tests\VRChatDiscordUploader.Tests.csproj", "{577BD405-113B-48C7-A6AF-CCC4B7536419}"
EndProject
Global
	GlobalSection(SolutionConfigurationPlatforms) = preSolution
		Debug|Any CPU = Debug|Any CPU
		Release|Any CPU = Release|Any CPU
	EndGlobalSection
	GlobalSection(SolutionProperties) = preSolution
		HideSolutionNode = FALSE
	EndGlobalSection
	GlobalSection(ProjectConfigurationPlatforms) = postSolution
		{9A6A7641-0BAB-44E2-88AA-120B8F634BD9}.Debug|Any CPU.ActiveCfg = Debug|x86
		{9A6A7641-0BAB-44E2-88AA-120B8F634BD9}.Debug|Any CPU.Build.0 = Debug|x86
		{9A6A7641-0BAB-44E2-88AA-120B8F634BD9}.Release|Any CPU.ActiveCfg = Release|x86
		{9A6A7641-0BAB-44E2-88AA-120B8F634BD9}.Release|Any CPU.Build.0 = Release|x86
		{577BD405-113B-48C7-A6AF-CCC4B7536419}.Debug|Any CPU.ActiveCfg = Debug|Any CPU
		{577BD405-113B-48C7-A6AF-CCC4B7536419}.Debug|Any CPU.Build.0 = Debug|Any CPU
		{577BD405-113B-48C7-A6AF-CCC4B7536419}.Release|Any CPU.ActiveCfg = Release|Any CPU
		{577BD405-113B-48C7-A6AF-CCC4B7536419}.Release|Any CPU.Build.0 = Release|Any CPU
	EndGlobalSection
	GlobalSection(NestedProjects) = preSolution
		{9A6A7641-0BAB-44E2-88AA-120B8F634BD9} = {4EC429CE-B3E8-4509-BCEA-D94FA3B43F85}
		{577BD405-113B-48C7-A6AF-CCC4B7536419} = {C3ECCB40-17F5-4484-A4BC-F6A13098E664}
	EndGlobalSection
EndGlobal
